
Microsoft Visual Studio Solution File, Format Version 12.00
# Visual Studio Version 17
VisualStudioVersion = 17.5.33516.290
MinimumVisualStudioVersion = 10.0.40219.1
Project("{FAE04EC0-301F-11D3-BF4B-00C04F79EFBC}") = "kolmogorov", "kolmogorov\kolmogorov.csproj", "{75FBA8DB-E485-4648-9C39-D2D08D0D41DF}"
EndProject
Global
	GlobalSection(SolutionConfigurationPlatforms) = preSolution
		Debug|Any CPU = Debug|Any CPU
		Release|Any CPU = Release|Any CPU
	EndGlobalSection
	GlobalSection(ProjectConfigurationPlatforms) = postSolution
		{75FBA8DB-E485-4648-9C39-D2D08D0D41DF}.Debug|Any CPU.ActiveCfg = Debug|Any CPU
		{75FBA8DB-E485-4648-9C39-D2D08D0D41DF}.Debug|Any CPU.Build.0 = Debug|Any CPU
		{75FBA8DB-E485-4648-9C39-D2D08D0D41DF}.Release|Any CPU.ActiveCfg = Release|Any CPU
		{75FBA8DB-E485-4648-9C39-D2D08D0D41DF}.Release|Any CPU.Build.0 = Release|Any CPU
	EndGlobalSection
	GlobalSection(SolutionProperties) = preSolution
		HideSolutionNode = FALSE
	EndGlobalSection
	GlobalSection(ExtensibilityGlobals) = postSolution
		SolutionGuid = {D802FF40-3D6B-44CE-A245-493DA7C4CA3B}
	EndGlobalSection
EndGlobal
